
Microsoft Visual Studio Solution File, Format Version 12.00
# Visual Studio Version 16
VisualStudioVersion = 16.0.28407.52
MinimumVisualStudioVersion = 10.0.40219.1
Project("{FAE04EC0-301F-11D3-BF4B-00C04F79EFBC}") = "LGAGrabber", "LGAGrabber\LGAGrabber.csproj", "{0207E4ED-29C9-4B9D-8C00-8FB98BFBB977}"
EndProject
Global
	GlobalSection(SolutionConfigurationPlatforms) = preSolution
		Debug|Any CPU = Debug|Any CPU
		Release|Any CPU = Release|Any CPU
	EndGlobalSection
	GlobalSection(ProjectConfigurationPlatforms) = postSolution
		{0207E4ED-29C9-4B9D-8C00-8FB98BFBB977}.Debug|Any CPU.ActiveCfg = Debug|Any CPU
		{0207E4ED-29C9-4B9D-8C00-8FB98BFBB977}.Debug|Any CPU.Build.0 = Debug|Any CPU
		{0207E4ED-29C9-4B9D-8C00-8FB98BFBB977}.Release|Any CPU.ActiveCfg = Release|Any CPU
		{0207E4ED-29C9-4B9D-8C00-8FB98BFBB977}.Release|Any CPU.Build.0 = Release|Any CPU
	EndGlobalSection
	GlobalSection(SolutionProperties) = preSolution
		HideSolutionNode = FALSE
	EndGlobalSection
	GlobalSection(ExtensibilityGlobals) = postSolution
		SolutionGuid = {B263424D-3523-4E33-9BE2-11FAB482E06F}
	EndGlobalSection
EndGlobal
